// !$*UTF8*$!
{
	archiveVersion = 1;
	classes = {
	};
	objectVersion = 46;
	objects = {

/* Begin PBXBuildFile section */
		EB0E684B1E35FB3B006BD962 /* main.m in Sources */ = {isa = PBXBuildFile; fileRef = EB0E684A1E35FB3B006BD962 /* main.m */; };
		EB0E684E1E35FB3B006BD962 /* AppDelegate.m in Sources */ = {isa = PBXBuildFile; fileRef = EB0E684D1E35FB3B006BD962 /* AppDelegate.m */; };
		EB0E68511E35FB3B006BD962 /* ViewController.m in Sources */ = {isa = PBXBuildFile; fileRef = EB0E68501E35FB3B006BD962 /* ViewController.m */; };
		EB0E68541E35FB3B006BD962 /* Main.storyboard in Resources */ = {isa = PBXBuildFile; fileRef = EB0E68521E35FB3B006BD962 /* Main.storyboard */; };
		EB0E68561E35FB3B006BD962 /* Assets.xcassets in Resources */ = {isa = PBXBuildFile; fileRef = EB0E68551E35FB3B006BD962 /* Assets.xcassets */; };
		EB0E68591E35FB3B006BD962 /* LaunchScreen.storyboard in Resources */ = {isa = PBXBuildFile; fileRef = EB0E68571E35FB3B006BD962 /* LaunchScreen.storyboard */; };
		EB0E68621E35FC35006BD962 /* UIView+category.m in Sources */ = {isa = PBXBuildFile; fileRef = EB0E68611E35FC35006BD962 /* UIView+category.m */; };
		EB0E68651E3744DC006BD962 /* GLTextField.m in Sources */ = {isa = PBXBuildFile; fileRef = EB0E68641E3744DC006BD962 /* GLTextField.m */; };
/* End PBXBuildFile section */

/* Begin PBXFileReference section */
		EB0E68461E35FB3B006BD962 /* PayPasswordDemo.app */ = {isa = PBXFileReference; explicitFileType = wrapper.application; includeInIndex = 0; path = PayPasswordDemo.app; sourceTree = BUILT_PRODUCTS_DIR; };
		EB0E684A1E35FB3B006BD962 /* main.m */ = {isa = PBXFileReference; lastKnownFileType = sourcecode.c.objc; path = main.m; sourceTree = "<group>"; };
		EB0E684C1E35FB3B006BD962 /* AppDelegate.h */ = {isa = PBXFileReference; lastKnownFileType = sourcecode.c.h; path = AppDelegate.h; sourceTree = "<group>"; };
		EB0E684D1E35FB3B006BD962 /* AppDelegate.m */ = {isa = PBXFileReference; lastKnownFileType = sourcecode.c.objc; path = AppDelegate.m; sourceTree = "<group>"; };
		EB0E684F1E35FB3B006BD962 /* ViewController.h */ = {isa = PBXFileReference; lastKnownFileType = sourcecode.c.h; path = ViewController.h; sourceTree = "<group>"; };
		EB0E68501E35FB3B006BD962 /* ViewController.m */ = {isa = PBXFileReference; lastKnownFileType = sourcecode.c.objc; path = ViewController.m; sourceTree = "<group>"; };
		EB0E68531E35FB3B006BD962 /* Base */ = {isa = PBXFileReference; lastKnownFileType = file.storyboard; name = Base; path = Base.lproj/Main.storyboard; sourceTree = "<group>"; };
		EB0E68551E35FB3B006BD962 /* Assets.xcassets */ = {isa = PBXFileReference; lastKnownFileType = folder.assetcatalog; path = Assets.xcassets; sourceTree = "<group>"; };
		EB0E68581E35FB3B006BD962 /* Base */ = {isa = PBXFileReference; lastKnownFileType = file.storyboard; name = Base; path = Base.lproj/LaunchScreen.storyboard; sourceTree = "<group>"; };
		EB0E685A1E35FB3B006BD962 /* Info.plist */ = {isa = PBXFileReference; lastKnownFileType = text.plist.xml; path = Info.plist; sourceTree = "<group>"; };
		EB0E68601E35FC35006BD962 /* UIView+category.h */ = {isa = PBXFileReference; fileEncoding = 4; lastKnownFileType = sourcecode.c.h; path = "UIView+category.h"; sourceTree = "<group>"; };
		EB0E68611E35FC35006BD962 /* UIView+category.m */ = {isa = PBXFileReference; fileEncoding = 4; lastKnownFileType = sourcecode.c.objc; path = "UIView+category.m"; sourceTree = "<group>"; };
		EB0E68631E3744DC006BD962 /* GLTextField.h */ = {isa = PBXFileReference; fileEncoding = 4; lastKnownFileType = sourcecode.c.h; path = GLTextField.h; sourceTree = "<group>"; };
		EB0E68641E3744DC006BD962 /* GLTextField.m */ = {isa = PBXFileReference; fileEncoding = 4; lastKnownFileType = sourcecode.c.objc; path = GLTextField.m; sourceTree = "<group>"; };
/* End PBXFileReference section */

/* Begin PBXFrameworksBuildPhase section */
		EB0E68431E35FB3B006BD962 /* Frameworks */ = {
			isa = PBXFrameworksBuildPhase;
			buildActionMask = 2147483647;
			files = (
			);
			runOnlyForDeploymentPostprocessing = 0;
		};
/* End PBXFrameworksBuildPhase section */

/* Begin PBXGroup section */
		EB0E683D1E35FB3B006BD962 = {
			isa = PBXGroup;
			children = (
				EB0E68481E35FB3B006BD962 /* PayPasswordDemo */,
				EB0E68471E35FB3B006BD962 /* Products */,
			);
			sourceTree = "<group>";
		};
		EB0E68471E35FB3B006BD962 /* Products */ = {
			isa = PBXGroup;
			children = (
				EB0E68461E35FB3B006BD962 /* PayPasswordDemo.app */,
			);
			name = Products;
			sourceTree = "<group>";
		};
		EB0E68481E35FB3B006BD962 /* PayPasswordDemo */ = {
			isa = PBXGroup;
			children = (
				EB0E684C1E35FB3B006BD962 /* AppDelegate.h */,
				EB0E684D1E35FB3B006BD962 /* AppDelegate.m */,
				EB0E684F1E35FB3B006BD962 /* ViewController.h */,
				EB0E68501E35FB3B006BD962 /* ViewController.m */,
				EB0E68631E3744DC006BD962 /* GLTextField.h */,
				EB0E68641E3744DC006BD962 /* GLTextField.m */,
				EB0E68601E35FC35006BD962 /* UIView+category.h */,
				EB0E68611E35FC35006BD962 /* UIView+category.m */,
				EB0E68521E35FB3B006BD962 /* Main.storyboard */,
				EB0E68551E35FB3B006BD962 /* Assets.xcassets */,
				EB0E68571E35FB3B006BD962 /* LaunchScreen.storyboard */,
				EB0E685A1E35FB3B006BD962 /* Info.plist */,
				EB0E68491E35FB3B006BD962 /* Supporting Files */,
			);
			path = PayPasswordDemo;
			sourceTree = "<group>";
		};
		EB0E68491E35FB3B006BD962 /* Supporting Files */ = {
			isa = PBXGroup;
			children = (
				EB0E684A1E35FB3B006BD962 /* main.m */,
			);
			name = "Supporting Files";
			sourceTree = "<group>";
		};
/* End PBXGroup section */

/* Begin PBXNativeTarget section */
		EB0E68451E35FB3B006BD962 /* PayPasswordDemo */ = {
			isa = PBXNativeTarget;
			buildConfigurationList = EB0E685D1E35FB3B006BD962 /* Build configuration list for PBXNativeTarget "PayPasswordDemo" */;
			buildPhases = (
				EB0E68421E35FB3B006BD962 /* Sources */,
				EB0E68431E35FB3B006BD962 /* Frameworks */,
				EB0E68441E35FB3B006BD962 /* Resources */,
			);
			buildRules = (
			);
			dependencies = (
			);
			name = PayPasswordDemo;
			productName = PayPasswordDemo;
			productReference = EB0E68461E35FB3B006BD962 /* PayPasswordDemo.app */;
			productType = "com.apple.product-type.application";
		};
/* End PBXNativeTarget section */

/* Begin PBXProject section */
		EB0E683E1E35FB3B006BD962 /* Project object */ = {
			isa = PBXProject;
			attributes = {
				LastUpgradeCheck = 0820;
				ORGANIZATIONNAME = "高磊";
				TargetAttributes = {
					EB0E68451E35FB3B006BD962 = {
						CreatedOnToolsVersion = 8.2.1;
						ProvisioningStyle = Automatic;
					};
				};
			};
			buildConfigurationList = EB0E68411E35FB3B006BD962 /* Build configuration list for PBXProject "PayPasswordDemo" */;
			compatibilityVersion = "Xcode 3.2";
			developmentRegion = English;
			hasScannedForEncodings = 0;
			knownRegions = (
				en,
				Base,
			);
			mainGroup = EB0E683D1E35FB3B006BD962;
			productRefGroup = EB0E68471E35FB3B006BD962 /* Products */;
			projectDirPath = "";
			projectRoot = "";
			targets = (
				EB0E68451E35FB3B006BD962 /* PayPasswordDemo */,
			);
		};
/* End PBXProject section */

/* Begin PBXResourcesBuildPhase section */
		EB0E68441E35FB3B006BD962 /* Resources */ = {
			isa = PBXResourcesBuildPhase;
			buildActionMask = 2147483647;
			files = (
				EB0E68591E35FB3B006BD962 /* LaunchScreen.storyboard in Resources */,
				EB0E68561E35FB3B006BD962 /* Assets.xcassets in Resources */,
				EB0E68541E35FB3B006BD962 /* Main.storyboard in Resources */,
			);
			runOnlyForDeploymentPostprocessing = 0;
		};
/* End PBXResourcesBuildPhase section */

/* Begin PBXSourcesBuildPhase section */
		EB0E68421E35FB3B006BD962 /* Sources */ = {
			isa = PBXSourcesBuildPhase;
			buildActionMask = 2147483647;
			files = (
				EB0E68511E35FB3B006BD962 /* ViewController.m in Sources */,
				EB0E684E1E35FB3B006BD962 /* AppDelegate.m in Sources */,
				EB0E68621E35FC35006BD962 /* UIView+category.m in Sources */,
				EB0E68651E3744DC006BD962 /* GLTextField.m in Sources */,
				EB0E684B1E35FB3B006BD962 /* main.m in Sources */,
			);
			runOnlyForDeploymentPostprocessing = 0;
		};
/* End PBXSourcesBuildPhase section */

/* Begin PBXVariantGroup section */
		EB0E68521E35FB3B006BD962 /* Main.storyboard */ = {
			isa = PBXVariantGroup;
			children = (
				EB0E68531E35FB3B006BD962 /* Base */,
			);
			name = Main.storyboard;
			sourceTree = "<group>";
		};
		EB0E68571E35FB3B006BD962 /* LaunchScreen.storyboard */ = {
			isa = PBXVariantGroup;
			children = (
				EB0E68581E35FB3B006BD962 /* Base */,
			);
			name = LaunchScreen.storyboard;
			sourceTree = "<group>";
		};
/* End PBXVariantGroup section */

/* Begin XCBuildConfiguration section */
		EB0E685B1E35FB3B006BD962 /* Debug */ = {
			isa = XCBuildConfiguration;
			buildSettings = {
				ALWAYS_SEARCH_USER_PATHS = NO;
				CLANG_ANALYZER_NONNULL = YES;
				CLANG_CXX_LANGUAGE_STANDARD = "gnu++0x";
				CLANG_CXX_LIBRARY = "libc++";
				CLANG_ENABLE_MODULES = YES;
				CLANG_ENABLE_OBJC_ARC = YES;
				CLANG_WARN_BOOL_CONVERSION = YES;
				CLANG_WARN_CONSTANT_CONVERSION = YES;
				CLANG_WARN_DIRECT_OBJC_ISA_USAGE = YES_ERROR;
				CLANG_WARN_DOCUMENTATION_COMMENTS = YES;
				CLANG_WARN_EMPTY_BODY = YES;
				CLANG_WARN_ENUM_CONVERSION = YES;
				CLANG_WARN_INFINITE_RECURSION = YES;
				CLANG_WARN_INT_CONVERSION = YES;
				CLANG_WARN_OBJC_ROOT_CLASS = YES_ERROR;
				CLANG_WARN_SUSPICIOUS_MOVE = YES;
				CLANG_WARN_UNREACHABLE_CODE = YES;
				CLANG_WARN__DUPLICATE_METHOD_MATCH = YES;
				"CODE_SIGN_IDENTITY[sdk=iphoneos*]" = "iPhone Developer";
				COPY_PHASE_STRIP = NO;
				DEBUG_INFORMATION_FORMAT = dwarf;
				ENABLE_STRICT_OBJC_MSGSEND = YES;
				ENABLE_TESTABILITY = YES;
				GCC_C_LANGUAGE_STANDARD = gnu99;
				GCC_DYNAMIC_NO_PIC = NO;
				GCC_NO_COMMON_BLOCKS = YES;
				GCC_OPTIMIZATION_LEVEL = 0;
				GCC_PREPROCESSOR_DEFINITIONS = (
					"DEBUG=1",
					"$(inherited)",
				);
				GCC_WARN_64_TO_32_BIT_CONVERSION = YES;
				GCC_WARN_ABOUT_RETURN_TYPE = YES_ERROR;
				GCC_WARN_UNDECLARED_SELECTOR = YES;
				GCC_WARN_UNINITIALIZED_AUTOS = YES_AGGRESSIVE;
				GCC_WARN_UNUSED_FUNCTION = YES;
				GCC_WARN_UNUSED_VARIABLE = YES;
				IPHONEOS_DEPLOYMENT_TARGET = 8.0;
				MTL_ENABLE_DEBUG_INFO = YES;
				ONLY_ACTIVE_ARCH = YES;
				SDKROOT = iphoneos;
			};
			name = Debug;
		};
		EB0E685C1E35FB3B006BD962 /* Release */ = {
			isa = XCBuildConfiguration;
			buildSettings = {
				ALWAYS_SEARCH_USER_PATHS = NO;
				CLANG_ANALYZER_NONNULL = YES;
				CLANG_CXX_LANGUAGE_STANDARD = "gnu++0x";
				CLANG_CXX_LIBRARY = "libc++";
				CLANG_ENABLE_MODULES = YES;
				CLANG_ENABLE_OBJC_ARC = YES;
				CLANG_WARN_BOOL_CONVERSION = YES;
				CLANG_WARN_CONSTANT_CONVERSION = YES;
				CLANG_WARN_DIRECT_OBJC_ISA_USAGE = YES_ERROR;
				CLANG_WARN_DOCUMENTATION_COMMENTS = YES;
				CLANG_WARN_EMPTY_BODY = YES;
				CLANG_WARN_ENUM_CONVERSION = YES;
				CLANG_WARN_INFINITE_RECURSION = YES;
				CLANG_WARN_INT_CONVERSION = YES;
				CLANG_WARN_OBJC_ROOT_CLASS = YES_ERROR;
				CLANG_WARN_SUSPICIOUS_MOVE = YES;
				CLANG_WARN_UNREACHABLE_CODE = YES;
				CLANG_WARN__DUPLICATE_METHOD_MATCH = YES;
				"CODE_SIGN_IDENTITY[sdk=iphoneos*]" = "iPhone Developer";
				COPY_PHASE_STRIP = NO;
				DEBUG_INFORMATION_FORMAT = "dwarf-with-dsym";
				ENABLE_NS_ASSERTIONS = NO;
				ENABLE_STRICT_OBJC_MSGSEND = YES;
				GCC_C_LANGUAGE_STANDARD = gnu99;
				GCC_NO_COMMON_BLOCKS = YES;
				GCC_WARN_64_TO_32_BIT_CONVERSION = YES;
				GCC_WARN_ABOUT_RETURN_TYPE = YES_ERROR;
				GCC_WARN_UNDECLARED_SELECTOR = YES;
				GCC_WARN_UNINITIALIZED_AUTOS = YES_AGGRESSIVE;
				GCC_WARN_UNUSED_FUNCTION = YES;
				GCC_WARN_UNUSED_VARIABLE = YES;
				IPHONEOS_DEPLOYMENT_TARGET = 8.0;
				MTL_ENABLE_DEBUG_INFO = NO;
				SDKROOT = iphoneos;
				VALIDATE_PRODUCT = YES;
			};
			name = Release;
		};
		EB0E685E1E35FB3B006BD962 /* Debug */ = {
			isa = XCBuildConfiguration;
			buildSettings = {
				ASSETCATALOG_COMPILER_APPICON_NAME = AppIcon;
				INFOPLIST_FILE = PayPasswordDemo/Info.plist;
				LD_RUNPATH_SEARCH_PATHS = "$(inherited) @executable_path/Frameworks";
				PRODUCT_BUNDLE_IDENTIFIER = gao.PayPasswordDemo;
				PRODUCT_NAME = "$(TARGET_NAME)";
			};
			name = Debug;
		};
		EB0E685F1E35FB3B006BD962 /* Release */ = {
			isa = XCBuildConfiguration;
			buildSettings = {
				ASSETCATALOG_COMPILER_APPICON_NAME = AppIcon;
				INFOPLIST_FILE = PayPasswordDemo/Info.plist;
				LD_RUNPATH_SEARCH_PATHS = "$(inherited) @executable_path/Frameworks";
				PRODUCT_BUNDLE_IDENTIFIER = gao.PayPasswordDemo;
				PRODUCT_NAME = "$(TARGET_NAME)";
			};
			name = Release;
		};
/* End XCBuildConfiguration section */

/* Begin XCConfigurationList section */
		EB0E68411E35FB3B006BD962 /* Build configuration list for PBXProject "PayPasswordDemo" */ = {
			isa = XCConfigurationList;
			buildConfigurations = (
				EB0E685B1E35FB3B006BD962 /* Debug */,
				EB0E685C1E35FB3B006BD962 /* Release */,
			);
			defaultConfigurationIsVisible = 0;
			defaultConfigurationName = Release;
		};
		EB0E685D1E35FB3B006BD962 /* Build configuration list for PBXNativeTarget "PayPasswordDemo" */ = {
			isa = XCConfigurationList;
			buildConfigurations = (
				EB0E685E1E35FB3B006BD962 /* Debug */,
				EB0E685F1E35FB3B006BD962 /* Release */,
			);
			defaultConfigurationIsVisible = 0;
		};
/* End XCConfigurationList section */
	};
	rootObject = EB0E683E1E35FB3B006BD962 /* Project object */;
}
